// !$*UTF8*$!
{
	archiveVersion = 1;
	classes = {
	};
	objectVersion = 56;
	objects = {

/* Begin PBXBuildFile section */
		86000F712B091E140082361F /* Workshop_18_11_23App.swift in Sources */ = {isa = PBXBuildFile; fileRef = 86000F702B091E140082361F /* Workshop_18_11_23App.swift */; };
		86000F752B091E170082361F /* Assets.xcassets in Resources */ = {isa = PBXBuildFile; fileRef = 86000F742B091E170082361F /* Assets.xcassets */; };
		86000F782B091E170082361F /* Preview Assets.xcassets in Resources */ = {isa = PBXBuildFile; fileRef = 86000F772B091E170082361F /* Preview Assets.xcassets */; };
		86000F7F2B091E9E0082361F /* Nexus in Resources */ = {isa = PBXBuildFile; fileRef = 86000F7E2B091E9E0082361F /* Nexus */; };
		86000F812B09206B0082361F /* Connector.swift in Sources */ = {isa = PBXBuildFile; fileRef = 86000F802B09206B0082361F /* Connector.swift */; };
		86000F832B0921CA0082361F /* AppState.swift in Sources */ = {isa = PBXBuildFile; fileRef = 86000F822B0921CA0082361F /* AppState.swift */; };
		86000F852B0921E40082361F /* EnvironmentStore.swift in Sources */ = {isa = PBXBuildFile; fileRef = 86000F842B0921E40082361F /* EnvironmentStore.swift */; };
		86000F872B0922710082361F /* StoreProvider.swift in Sources */ = {isa = PBXBuildFile; fileRef = 86000F862B0922710082361F /* StoreProvider.swift */; };
		86000F8A2B0922A00082361F /* Redux in Frameworks */ = {isa = PBXBuildFile; productRef = 86000F892B0922A00082361F /* Redux */; };
		86000F8D2B092E430082361F /* LoginView.swift in Sources */ = {isa = PBXBuildFile; fileRef = 86000F8C2B092E430082361F /* LoginView.swift */; };
		86000F8F2B09313C0082361F /* RootView.swift in Sources */ = {isa = PBXBuildFile; fileRef = 86000F8E2B09313C0082361F /* RootView.swift */; };
		86000F912B0931910082361F /* LoginState.swift in Sources */ = {isa = PBXBuildFile; fileRef = 86000F902B0931910082361F /* LoginState.swift */; };
		86000F932B0932830082361F /* LoginActions.swift in Sources */ = {isa = PBXBuildFile; fileRef = 86000F922B0932830082361F /* LoginActions.swift */; };
		86CD43C32B11F37F00B2B578 /* Networking in Frameworks */ = {isa = PBXBuildFile; productRef = 86CD43C22B11F37F00B2B578 /* Networking */; };
		86CD43C72B13570D00B2B578 /* HomeView.swift in Sources */ = {isa = PBXBuildFile; fileRef = 86CD43C62B13570D00B2B578 /* HomeView.swift */; };
		86CD43C92B1358F300B2B578 /* Post.swift in Sources */ = {isa = PBXBuildFile; fileRef = 86CD43C82B1358F300B2B578 /* Post.swift */; };
		86CD43CB2B135F9100B2B578 /* LogoutButton.swift in Sources */ = {isa = PBXBuildFile; fileRef = 86CD43CA2B135F9100B2B578 /* LogoutButton.swift */; };
		86CD43CE2B13624900B2B578 /* SessionState.swift in Sources */ = {isa = PBXBuildFile; fileRef = 86CD43CD2B13624900B2B578 /* SessionState.swift */; };
/* End PBXBuildFile section */

/* Begin PBXFileReference section */
		86000F6D2B091E140082361F /* Workshop_18_11_23.app */ = {isa = PBXFileReference; explicitFileType = wrapper.application; includeInIndex = 0; path = Workshop_18_11_23.app; sourceTree = BUILT_PRODUCTS_DIR; };
		86000F702B091E140082361F /* Workshop_18_11_23App.swift */ = {isa = PBXFileReference; lastKnownFileType = sourcecode.swift; path = Workshop_18_11_23App.swift; sourceTree = "<group>"; };
		86000F742B091E170082361F /* Assets.xcassets */ = {isa = PBXFileReference; lastKnownFileType = folder.assetcatalog; path = Assets.xcassets; sourceTree = "<group>"; };
		86000F772B091E170082361F /* Preview Assets.xcassets */ = {isa = PBXFileReference; lastKnownFileType = folder.assetcatalog; path = "Preview Assets.xcassets"; sourceTree = "<group>"; };
		86000F7E2B091E9E0082361F /* Nexus */ = {isa = PBXFileReference; lastKnownFileType = wrapper; path = Nexus; sourceTree = "<group>"; };
		86000F802B09206B0082361F /* Connector.swift */ = {isa = PBXFileReference; lastKnownFileType = sourcecode.swift; path = Connector.swift; sourceTree = "<group>"; };
		86000F822B0921CA0082361F /* AppState.swift */ = {isa = PBXFileReference; lastKnownFileType = sourcecode.swift; path = AppState.swift; sourceTree = "<group>"; };
		86000F842B0921E40082361F /* EnvironmentStore.swift */ = {isa = PBXFileReference; lastKnownFileType = sourcecode.swift; path = EnvironmentStore.swift; sourceTree = "<group>"; };
		86000F862B0922710082361F /* StoreProvider.swift */ = {isa = PBXFileReference; lastKnownFileType = sourcecode.swift; path = StoreProvider.swift; sourceTree = "<group>"; };
		86000F8C2B092E430082361F /* LoginView.swift */ = {isa = PBXFileReference; lastKnownFileType = sourcecode.swift; path = LoginView.swift; sourceTree = "<group>"; };
		86000F8E2B09313C0082361F /* RootView.swift */ = {isa = PBXFileReference; lastKnownFileType = sourcecode.swift; path = RootView.swift; sourceTree = "<group>"; };
		86000F902B0931910082361F /* LoginState.swift */ = {isa = PBXFileReference; lastKnownFileType = sourcecode.swift; path = LoginState.swift; sourceTree = "<group>"; };
		86000F922B0932830082361F /* LoginActions.swift */ = {isa = PBXFileReference; lastKnownFileType = sourcecode.swift; path = LoginActions.swift; sourceTree = "<group>"; };
		86CD43C62B13570D00B2B578 /* HomeView.swift */ = {isa = PBXFileReference; lastKnownFileType = sourcecode.swift; path = HomeView.swift; sourceTree = "<group>"; };
		86CD43C82B1358F300B2B578 /* Post.swift */ = {isa = PBXFileReference; lastKnownFileType = sourcecode.swift; path = Post.swift; sourceTree = "<group>"; };
		86CD43CA2B135F9100B2B578 /* LogoutButton.swift */ = {isa = PBXFileReference; lastKnownFileType = sourcecode.swift; path = LogoutButton.swift; sourceTree = "<group>"; };
		86CD43CD2B13624900B2B578 /* SessionState.swift */ = {isa = PBXFileReference; lastKnownFileType = sourcecode.swift; path = SessionState.swift; sourceTree = "<group>"; };
/* End PBXFileReference section */

/* Begin PBXFrameworksBuildPhase section */
		86000F6A2B091E140082361F /* Frameworks */ = {
			isa = PBXFrameworksBuildPhase;
			buildActionMask = 2147483647;
			files = (
				86CD43C32B11F37F00B2B578 /* Networking in Frameworks */,
				86000F8A2B0922A00082361F /* Redux in Frameworks */,
			);
			runOnlyForDeploymentPostprocessing = 0;
		};
/* End PBXFrameworksBuildPhase section */

/* Begin PBXGroup section */
		86000F642B091E140082361F = {
			isa = PBXGroup;
			children = (
				86000F7E2B091E9E0082361F /* Nexus */,
				86000F6F2B091E140082361F /* Workshop_18_11_23 */,
				86000F6E2B091E140082361F /* Products */,
				86000F882B0922A00082361F /* Frameworks */,
			);
			sourceTree = "<group>";
		};
		86000F6E2B091E140082361F /* Products */ = {
			isa = PBXGroup;
			children = (
				86000F6D2B091E140082361F /* Workshop_18_11_23.app */,
			);
			name = Products;
			sourceTree = "<group>";
		};
		86000F6F2B091E140082361F /* Workshop_18_11_23 */ = {
			isa = PBXGroup;
			children = (
				86CD43CC2B13606B00B2B578 /* Root */,
				86CD43C52B1356F700B2B578 /* Home */,
				86000F702B091E140082361F /* Workshop_18_11_23App.swift */,
				86CD43C42B13568C00B2B578 /* Login */,
				86000F742B091E170082361F /* Assets.xcassets */,
				86000F762B091E170082361F /* Preview Content */,
				86000F8B2B09250E0082361F /* Tools */,
				86000F822B0921CA0082361F /* AppState.swift */,
			);
			path = Workshop_18_11_23;
			sourceTree = "<group>";
		};
		86000F762B091E170082361F /* Preview Content */ = {
			isa = PBXGroup;
			children = (
				86000F772B091E170082361F /* Preview Assets.xcassets */,
			);
			path = "Preview Content";
			sourceTree = "<group>";
		};
		86000F882B0922A00082361F /* Frameworks */ = {
			isa = PBXGroup;
			children = (
			);
			name = Frameworks;
			sourceTree = "<group>";
		};
		86000F8B2B09250E0082361F /* Tools */ = {
			isa = PBXGroup;
			children = (
				86000F842B0921E40082361F /* EnvironmentStore.swift */,
				86000F802B09206B0082361F /* Connector.swift */,
				86000F862B0922710082361F /* StoreProvider.swift */,
			);
			path = Tools;
			sourceTree = "<group>";
		};
		86CD43C42B13568C00B2B578 /* Login */ = {
			isa = PBXGroup;
			children = (
				86000F922B0932830082361F /* LoginActions.swift */,
				86000F902B0931910082361F /* LoginState.swift */,
				86000F8C2B092E430082361F /* LoginView.swift */,
			);
			path = Login;
			sourceTree = "<group>";
		};
		86CD43C52B1356F700B2B578 /* Home */ = {
			isa = PBXGroup;
			children = (
				86CD43C62B13570D00B2B578 /* HomeView.swift */,
				86CD43C82B1358F300B2B578 /* Post.swift */,
				86CD43CA2B135F9100B2B578 /* LogoutButton.swift */,
			);
			path = Home;
			sourceTree = "<group>";
		};
		86CD43CC2B13606B00B2B578 /* Root */ = {
			isa = PBXGroup;
			children = (
				86000F8E2B09313C0082361F /* RootView.swift */,
				86CD43CD2B13624900B2B578 /* SessionState.swift */,
			);
			path = Root;
			sourceTree = "<group>";
		};
/* End PBXGroup section */

/* Begin PBXNativeTarget section */
		86000F6C2B091E140082361F /* Workshop_18_11_23 */ = {
			isa = PBXNativeTarget;
			buildConfigurationList = 86000F7B2B091E170082361F /* Build configuration list for PBXNativeTarget "Workshop_18_11_23" */;
			buildPhases = (
				86000F692B091E140082361F /* Sources */,
				86000F6A2B091E140082361F /* Frameworks */,
				86000F6B2B091E140082361F /* Resources */,
			);
			buildRules = (
			);
			dependencies = (
			);
			name = Workshop_18_11_23;
			packageProductDependencies = (
				86000F892B0922A00082361F /* Redux */,
				86CD43C22B11F37F00B2B578 /* Networking */,
			);
			productName = Workshop_18_11_23;
			productReference = 86000F6D2B091E140082361F /* Workshop_18_11_23.app */;
			productType = "com.apple.product-type.application";
		};
/* End PBXNativeTarget section */

/* Begin PBXProject section */
		86000F652B091E140082361F /* Project object */ = {
			isa = PBXProject;
			attributes = {
				BuildIndependentTargetsInParallel = 1;
				LastSwiftUpdateCheck = 1510;
				LastUpgradeCheck = 1510;
				TargetAttributes = {
					86000F6C2B091E140082361F = {
						CreatedOnToolsVersion = 15.1;
					};
				};
			};
			buildConfigurationList = 86000F682B091E140082361F /* Build configuration list for PBXProject "Workshop_18_11_23" */;
			compatibilityVersion = "Xcode 14.0";
			developmentRegion = en;
			hasScannedForEncodings = 0;
			knownRegions = (
				en,
				Base,
			);
			mainGroup = 86000F642B091E140082361F;
			productRefGroup = 86000F6E2B091E140082361F /* Products */;
			projectDirPath = "";
			projectRoot = "";
			targets = (
				86000F6C2B091E140082361F /* Workshop_18_11_23 */,
			);
		};
/* End PBXProject section */

/* Begin PBXResourcesBuildPhase section */
		86000F6B2B091E140082361F /* Resources */ = {
			isa = PBXResourcesBuildPhase;
			buildActionMask = 2147483647;
			files = (
				86000F7F2B091E9E0082361F /* Nexus in Resources */,
				86000F782B091E170082361F /* Preview Assets.xcassets in Resources */,
				86000F752B091E170082361F /* Assets.xcassets in Resources */,
			);
			runOnlyForDeploymentPostprocessing = 0;
		};
/* End PBXResourcesBuildPhase section */

/* Begin PBXSourcesBuildPhase section */
		86000F692B091E140082361F /* Sources */ = {
			isa = PBXSourcesBuildPhase;
			buildActionMask = 2147483647;
			files = (
				86000F8F2B09313C0082361F /* RootView.swift in Sources */,
				86000F912B0931910082361F /* LoginState.swift in Sources */,
				86CD43CE2B13624900B2B578 /* SessionState.swift in Sources */,
				86000F872B0922710082361F /* StoreProvider.swift in Sources */,
				86CD43C92B1358F300B2B578 /* Post.swift in Sources */,
				86000F8D2B092E430082361F /* LoginView.swift in Sources */,
				86CD43CB2B135F9100B2B578 /* LogoutButton.swift in Sources */,
				86000F852B0921E40082361F /* EnvironmentStore.swift in Sources */,
				86CD43C72B13570D00B2B578 /* HomeView.swift in Sources */,
				86000F932B0932830082361F /* LoginActions.swift in Sources */,
				86000F812B09206B0082361F /* Connector.swift in Sources */,
				86000F712B091E140082361F /* Workshop_18_11_23App.swift in Sources */,
				86000F832B0921CA0082361F /* AppState.swift in Sources */,
			);
			runOnlyForDeploymentPostprocessing = 0;
		};
/* End PBXSourcesBuildPhase section */

/* Begin XCBuildConfiguration section */
		86000F792B091E170082361F /* Debug */ = {
			isa = XCBuildConfiguration;
			buildSettings = {
				ALWAYS_SEARCH_USER_PATHS = NO;
				ASSETCATALOG_COMPILER_GENERATE_SWIFT_ASSET_SYMBOL_EXTENSIONS = YES;
				CLANG_ANALYZER_NONNULL = YES;
				CLANG_ANALYZER_NUMBER_OBJECT_CONVERSION = YES_AGGRESSIVE;
				CLANG_CXX_LANGUAGE_STANDARD = "gnu++20";
				CLANG_ENABLE_MODULES = YES;
				CLANG_ENABLE_OBJC_ARC = YES;
				CLANG_ENABLE_OBJC_WEAK = YES;
				CLANG_WARN_BLOCK_CAPTURE_AUTORELEASING = YES;
				CLANG_WARN_BOOL_CONVERSION = YES;
				CLANG_WARN_COMMA = YES;
				CLANG_WARN_CONSTANT_CONVERSION = YES;
				CLANG_WARN_DEPRECATED_OBJC_IMPLEMENTATIONS = YES;
				CLANG_WARN_DIRECT_OBJC_ISA_USAGE = YES_ERROR;
				CLANG_WARN_DOCUMENTATION_COMMENTS = YES;
				CLANG_WARN_EMPTY_BODY = YES;
				CLANG_WARN_ENUM_CONVERSION = YES;
				CLANG_WARN_INFINITE_RECURSION = YES;
				CLANG_WARN_INT_CONVERSION = YES;
				CLANG_WARN_NON_LITERAL_NULL_CONVERSION = YES;
				CLANG_WARN_OBJC_IMPLICIT_RETAIN_SELF = YES;
				CLANG_WARN_OBJC_LITERAL_CONVERSION = YES;
				CLANG_WARN_OBJC_ROOT_CLASS = YES_ERROR;
				CLANG_WARN_QUOTED_INCLUDE_IN_FRAMEWORK_HEADER = YES;
				CLANG_WARN_RANGE_LOOP_ANALYSIS = YES;
				CLANG_WARN_STRICT_PROTOTYPES = YES;
				CLANG_WARN_SUSPICIOUS_MOVE = YES;
				CLANG_WARN_UNGUARDED_AVAILABILITY = YES_AGGRESSIVE;
				CLANG_WARN_UNREACHABLE_CODE = YES;
				CLANG_WARN__DUPLICATE_METHOD_MATCH = YES;
				COPY_PHASE_STRIP = NO;
				DEBUG_INFORMATION_FORMAT = dwarf;
				ENABLE_STRICT_OBJC_MSGSEND = YES;
				ENABLE_TESTABILITY = YES;
				ENABLE_USER_SCRIPT_SANDBOXING = YES;
				GCC_C_LANGUAGE_STANDARD = gnu17;
				GCC_DYNAMIC_NO_PIC = NO;
				GCC_NO_COMMON_BLOCKS = YES;
				GCC_OPTIMIZATION_LEVEL = 0;
				GCC_PREPROCESSOR_DEFINITIONS = (
					"DEBUG=1",
					"$(inherited)",
				);
				GCC_WARN_64_TO_32_BIT_CONVERSION = YES;
				GCC_WARN_ABOUT_RETURN_TYPE = YES_ERROR;
				GCC_WARN_UNDECLARED_SELECTOR = YES;
				GCC_WARN_UNINITIALIZED_AUTOS = YES_AGGRESSIVE;
				GCC_WARN_UNUSED_FUNCTION = YES;
				GCC_WARN_UNUSED_VARIABLE = YES;
				IPHONEOS_DEPLOYMENT_TARGET = 17.2;
				LOCALIZATION_PREFERS_STRING_CATALOGS = YES;
				MTL_ENABLE_DEBUG_INFO = INCLUDE_SOURCE;
				MTL_FAST_MATH = YES;
				ONLY_ACTIVE_ARCH = YES;
				SDKROOT = iphoneos;
				SWIFT_ACTIVE_COMPILATION_CONDITIONS = "DEBUG $(inherited)";
				SWIFT_OPTIMIZATION_LEVEL = "-Onone";
			};
			name = Debug;
		};
		86000F7A2B091E170082361F /* Release */ = {
			isa = XCBuildConfiguration;
			buildSettings = {
				ALWAYS_SEARCH_USER_PATHS = NO;
				ASSETCATALOG_COMPILER_GENERATE_SWIFT_ASSET_SYMBOL_EXTENSIONS = YES;
				CLANG_ANALYZER_NONNULL = YES;
				CLANG_ANALYZER_NUMBER_OBJECT_CONVERSION = YES_AGGRESSIVE;
				CLANG_CXX_LANGUAGE_STANDARD = "gnu++20";
				CLANG_ENABLE_MODULES = YES;
				CLANG_ENABLE_OBJC_ARC = YES;
				CLANG_ENABLE_OBJC_WEAK = YES;
				CLANG_WARN_BLOCK_CAPTURE_AUTORELEASING = YES;
				CLANG_WARN_BOOL_CONVERSION = YES;
				CLANG_WARN_COMMA = YES;
				CLANG_WARN_CONSTANT_CONVERSION = YES;
				CLANG_WARN_DEPRECATED_OBJC_IMPLEMENTATIONS = YES;
				CLANG_WARN_DIRECT_OBJC_ISA_USAGE = YES_ERROR;
				CLANG_WARN_DOCUMENTATION_COMMENTS = YES;
				CLANG_WARN_EMPTY_BODY = YES;
				CLANG_WARN_ENUM_CONVERSION = YES;
				CLANG_WARN_INFINITE_RECURSION = YES;
				CLANG_WARN_INT_CONVERSION = YES;
				CLANG_WARN_NON_LITERAL_NULL_CONVERSION = YES;
				CLANG_WARN_OBJC_IMPLICIT_RETAIN_SELF = YES;
				CLANG_WARN_OBJC_LITERAL_CONVERSION = YES;
				CLANG_WARN_OBJC_ROOT_CLASS = YES_ERROR;
				CLANG_WARN_QUOTED_INCLUDE_IN_FRAMEWORK_HEADER = YES;
				CLANG_WARN_RANGE_LOOP_ANALYSIS = YES;
				CLANG_WARN_STRICT_PROTOTYPES = YES;
				CLANG_WARN_SUSPICIOUS_MOVE = YES;
				CLANG_WARN_UNGUARDED_AVAILABILITY = YES_AGGRESSIVE;
				CLANG_WARN_UNREACHABLE_CODE = YES;
				CLANG_WARN__DUPLICATE_METHOD_MATCH = YES;
				COPY_PHASE_STRIP = NO;
				DEBUG_INFORMATION_FORMAT = "dwarf-with-dsym";
				ENABLE_NS_ASSERTIONS = NO;
				ENABLE_STRICT_OBJC_MSGSEND = YES;
				ENABLE_USER_SCRIPT_SANDBOXING = YES;
				GCC_C_LANGUAGE_STANDARD = gnu17;
				GCC_NO_COMMON_BLOCKS = YES;
				GCC_WARN_64_TO_32_BIT_CONVERSION = YES;
				GCC_WARN_ABOUT_RETURN_TYPE = YES_ERROR;
				GCC_WARN_UNDECLARED_SELECTOR = YES;
				GCC_WARN_UNINITIALIZED_AUTOS = YES_AGGRESSIVE;
				GCC_WARN_UNUSED_FUNCTION = YES;
				GCC_WARN_UNUSED_VARIABLE = YES;
				IPHONEOS_DEPLOYMENT_TARGET = 17.2;
				LOCALIZATION_PREFERS_STRING_CATALOGS = YES;
				MTL_ENABLE_DEBUG_INFO = NO;
				MTL_FAST_MATH = YES;
				SDKROOT = iphoneos;
				SWIFT_COMPILATION_MODE = wholemodule;
				VALIDATE_PRODUCT = YES;
			};
			name = Release;
		};
		86000F7C2B091E170082361F /* Debug */ = {
			isa = XCBuildConfiguration;
			buildSettings = {
				ASSETCATALOG_COMPILER_APPICON_NAME = AppIcon;
				ASSETCATALOG_COMPILER_GLOBAL_ACCENT_COLOR_NAME = AccentColor;
				CODE_SIGN_STYLE = Automatic;
				CURRENT_PROJECT_VERSION = 1;
				DEVELOPMENT_ASSET_PATHS = "\"Workshop_18_11_23/Preview Content\"";
				DEVELOPMENT_TEAM = 4WQFD456R9;
				ENABLE_PREVIEWS = YES;
				GENERATE_INFOPLIST_FILE = YES;
				INFOPLIST_KEY_UIApplicationSceneManifest_Generation = YES;
				INFOPLIST_KEY_UIApplicationSupportsIndirectInputEvents = YES;
				INFOPLIST_KEY_UILaunchScreen_Generation = YES;
				INFOPLIST_KEY_UISupportedInterfaceOrientations_iPad = "UIInterfaceOrientationPortrait UIInterfaceOrientationPortraitUpsideDown UIInterfaceOrientationLandscapeLeft UIInterfaceOrientationLandscapeRight";
				INFOPLIST_KEY_UISupportedInterfaceOrientations_iPhone = "UIInterfaceOrientationPortrait UIInterfaceOrientationLandscapeLeft UIInterfaceOrientationLandscapeRight";
				IPHONEOS_DEPLOYMENT_TARGET = 15.0;
				LD_RUNPATH_SEARCH_PATHS = (
					"$(inherited)",
					"@executable_path/Frameworks",
				);
				MARKETING_VERSION = 1.0;
				PRODUCT_BUNDLE_IDENTIFIER = "ru.iliaByHimself.Workshop-18-11-23";
				PRODUCT_NAME = "$(TARGET_NAME)";
				SUPPORTED_PLATFORMS = "iphoneos iphonesimulator";
				SUPPORTS_MACCATALYST = NO;
				SUPPORTS_MAC_DESIGNED_FOR_IPHONE_IPAD = NO;
				SUPPORTS_XR_DESIGNED_FOR_IPHONE_IPAD = NO;
				SWIFT_EMIT_LOC_STRINGS = YES;
				SWIFT_VERSION = 5.0;
				TARGETED_DEVICE_FAMILY = 1;
			};
			name = Debug;
		};
		86000F7D2B091E170082361F /* Release */ = {
			isa = XCBuildConfiguration;
			buildSettings = {
				ASSETCATALOG_COMPILER_APPICON_NAME = AppIcon;
				ASSETCATALOG_COMPILER_GLOBAL_ACCENT_COLOR_NAME = AccentColor;
				CODE_SIGN_STYLE = Automatic;
				CURRENT_PROJECT_VERSION = 1;
				DEVELOPMENT_ASSET_PATHS = "\"Workshop_18_11_23/Preview Content\"";
				DEVELOPMENT_TEAM = 4WQFD456R9;
				ENABLE_PREVIEWS = YES;
				GENERATE_INFOPLIST_FILE = YES;
				INFOPLIST_KEY_UIApplicationSceneManifest_Generation = YES;
				INFOPLIST_KEY_UIApplicationSupportsIndirectInputEvents = YES;
				INFOPLIST_KEY_UILaunchScreen_Generation = YES;
				INFOPLIST_KEY_UISupportedInterfaceOrientations_iPad = "UIInterfaceOrientationPortrait UIInterfaceOrientationPortraitUpsideDown UIInterfaceOrientationLandscapeLeft UIInterfaceOrientationLandscapeRight";
				INFOPLIST_KEY_UISupportedInterfaceOrientations_iPhone = "UIInterfaceOrientationPortrait UIInterfaceOrientationLandscapeLeft UIInterfaceOrientationLandscapeRight";
				IPHONEOS_DEPLOYMENT_TARGET = 15.0;
				LD_RUNPATH_SEARCH_PATHS = (
					"$(inherited)",
					"@executable_path/Frameworks",
				);
				MARKETING_VERSION = 1.0;
				PRODUCT_BUNDLE_IDENTIFIER = "ru.iliaByHimself.Workshop-18-11-23";
				PRODUCT_NAME = "$(TARGET_NAME)";
				SUPPORTED_PLATFORMS = "iphoneos iphonesimulator";
				SUPPORTS_MACCATALYST = NO;
				SUPPORTS_MAC_DESIGNED_FOR_IPHONE_IPAD = NO;
				SUPPORTS_XR_DESIGNED_FOR_IPHONE_IPAD = NO;
				SWIFT_EMIT_LOC_STRINGS = YES;
				SWIFT_VERSION = 5.0;
				TARGETED_DEVICE_FAMILY = 1;
			};
			name = Release;
		};
/* End XCBuildConfiguration section */

/* Begin XCConfigurationList section */
		86000F682B091E140082361F /* Build configuration list for PBXProject "Workshop_18_11_23" */ = {
			isa = XCConfigurationList;
			buildConfigurations = (
				86000F792B091E170082361F /* Debug */,
				86000F7A2B091E170082361F /* Release */,
			);
			defaultConfigurationIsVisible = 0;
			defaultConfigurationName = Release;
		};
		86000F7B2B091E170082361F /* Build configuration list for PBXNativeTarget "Workshop_18_11_23" */ = {
			isa = XCConfigurationList;
			buildConfigurations = (
				86000F7C2B091E170082361F /* Debug */,
				86000F7D2B091E170082361F /* Release */,
			);
			defaultConfigurationIsVisible = 0;
			defaultConfigurationName = Release;
		};
/* End XCConfigurationList section */

/* Begin XCSwiftPackageProductDependency section */
		86000F892B0922A00082361F /* Redux */ = {
			isa = XCSwiftPackageProductDependency;
			productName = Redux;
		};
		86CD43C22B11F37F00B2B578 /* Networking */ = {
			isa = XCSwiftPackageProductDependency;
			productName = Networking;
		};
/* End XCSwiftPackageProductDependency section */
	};
	rootObject = 86000F652B091E140082361F /* Project object */;
}
